
Microsoft Visual Studio Solution File, Format Version 12.00
# Visual Studio Version 16
VisualStudioVersion = 16.0.30517.126
MinimumVisualStudioVersion = 10.0.40219.1
Project("{FAE04EC0-301F-11D3-BF4B-00C04F79EFBC}") = "ConsoleEvent", "ConsoleEvent\ConsoleEvent.csproj", "{840C7A1F-6BF3-42F2-A3F6-9E3DD32A274A}"
EndProject
Global
	GlobalSection(SolutionConfigurationPlatforms) = preSolution
		Debug|Any CPU = Debug|Any CPU
		Release|Any CPU = Release|Any CPU
	EndGlobalSection
	GlobalSection(ProjectConfigurationPlatforms) = postSolution
		{840C7A1F-6BF3-42F2-A3F6-9E3DD32A274A}.Debug|Any CPU.ActiveCfg = Debug|Any CPU
		{840C7A1F-6BF3-42F2-A3F6-9E3DD32A274A}.Debug|Any CPU.Build.0 = Debug|Any CPU
		{840C7A1F-6BF3-42F2-A3F6-9E3DD32A274A}.Release|Any CPU.ActiveCfg = Release|Any CPU
		{840C7A1F-6BF3-42F2-A3F6-9E3DD32A274A}.Release|Any CPU.Build.0 = Release|Any CPU
	EndGlobalSection
	GlobalSection(SolutionProperties) = preSolution
		HideSolutionNode = FALSE
	EndGlobalSection
	GlobalSection(ExtensibilityGlobals) = postSolution
		SolutionGuid = {7AF431E2-13DC-4480-B446-A66229EF29C2}
	EndGlobalSection
EndGlobal
